
Microsoft Visual Studio Solution File, Format Version 12.00
# Visual Studio Version 17
VisualStudioVersion = 17.5.002.0
MinimumVisualStudioVersion = 10.0.40219.1
Project("{2150E333-8FDC-42A3-9474-1A3956D46DE8}") = "src", "src", "{367C094A-8419-4707-BFCD-D1C70B047369}"
EndProject
Project("{FAE04EC0-301F-11D3-BF4B-00C04F79EFBC}") = "fpf-score-cv", "src\fpf-score-cv\fpf-score-cv.csproj", "{BC1C56DA-0897-4C61-9208-50B89B55C073}"
EndProject
Global
	GlobalSection(SolutionConfigurationPlatforms) = preSolution
		Debug|Any CPU = Debug|Any CPU
		Release|Any CPU = Release|Any CPU
	EndGlobalSection
	GlobalSection(ProjectConfigurationPlatforms) = postSolution
		{BC1C56DA-0897-4C61-9208-50B89B55C073}.Debug|Any CPU.ActiveCfg = Debug|Any CPU
		{BC1C56DA-0897-4C61-9208-50B89B55C073}.Debug|Any CPU.Build.0 = Debug|Any CPU
		{BC1C56DA-0897-4C61-9208-50B89B55C073}.Release|Any CPU.ActiveCfg = Release|Any CPU
		{BC1C56DA-0897-4C61-9208-50B89B55C073}.Release|Any CPU.Build.0 = Release|Any CPU
	EndGlobalSection
	GlobalSection(SolutionProperties) = preSolution
		HideSolutionNode = FALSE
	EndGlobalSection
	GlobalSection(ExtensibilityGlobals) = postSolution
		SolutionGuid = {4A221699-4460-4546-AF31-A838F2CF71C8}
	EndGlobalSection
	GlobalSection(NestedProjects) = preSolution
		{BC1C56DA-0897-4C61-9208-50B89B55C073} = {367C094A-8419-4707-BFCD-D1C70B047369}
	EndGlobalSection
EndGlobal
